
Microsoft Visual Studio Solution File, Format Version 12.00
# Visual Studio Version 17
VisualStudioVersion = 17.9.34622.214
MinimumVisualStudioVersion = 10.0.40219.1
Project("{8BC9CEB8-8B4A-11D0-8D11-00A0C91BC942}") = "Projectfile", "Projectfile\Projectfile.vcxproj", "{D2526594-95DF-4022-A52B-2D57930EA235}"
EndProject
Global
	GlobalSection(SolutionConfigurationPlatforms) = preSolution
		Debug|x64 = Debug|x64
		Debug|x86 = Debug|x86
		Release|x64 = Release|x64
		Release|x86 = Release|x86
	EndGlobalSection
	GlobalSection(ProjectConfigurationPlatforms) = postSolution
		{D2526594-95DF-4022-A52B-2D57930EA235}.Debug|x64.ActiveCfg = Debug|x64
		{D2526594-95DF-4022-A52B-2D57930EA235}.Debug|x64.Build.0 = Debug|x64
		{D2526594-95DF-4022-A52B-2D57930EA235}.Debug|x86.ActiveCfg = Debug|Win32
		{D2526594-95DF-4022-A52B-2D57930EA235}.Debug|x86.Build.0 = Debug|Win32
		{D2526594-95DF-4022-A52B-2D57930EA235}.Release|x64.ActiveCfg = Release|x64
		{D2526594-95DF-4022-A52B-2D57930EA235}.Release|x64.Build.0 = Release|x64
		{D2526594-95DF-4022-A52B-2D57930EA235}.Release|x86.ActiveCfg = Release|Win32
		{D2526594-95DF-4022-A52B-2D57930EA235}.Release|x86.Build.0 = Release|Win32
	EndGlobalSection
	GlobalSection(SolutionProperties) = preSolution
		HideSolutionNode = FALSE
	EndGlobalSection
	GlobalSection(ExtensibilityGlobals) = postSolution
		SolutionGuid = {A07FEF45-DF6E-4D71-80E3-2AF166476FD3}
	EndGlobalSection
EndGlobal
